
Microsoft Visual Studio Solution File, Format Version 12.00
# Visual Studio Version 17
VisualStudioVersion = 17.7.34031.279
MinimumVisualStudioVersion = 10.0.40219.1
Project("{FAE04EC0-301F-11D3-BF4B-00C04F79EFBC}") = "NojectServer", "NojectServer\NojectServer.csproj", "{93514AEC-E13F-464D-86BE-F0F159018ACA}"
EndProject
Global
	GlobalSection(SolutionConfigurationPlatforms) = preSolution
		Debug|Any CPU = Debug|Any CPU
		Release|Any CPU = Release|Any CPU
	EndGlobalSection
	GlobalSection(ProjectConfigurationPlatforms) = postSolution
		{93514AEC-E13F-464D-86BE-F0F159018ACA}.Debug|Any CPU.ActiveCfg = Debug|Any CPU
		{93514AEC-E13F-464D-86BE-F0F159018ACA}.Debug|Any CPU.Build.0 = Debug|Any CPU
		{93514AEC-E13F-464D-86BE-F0F159018ACA}.Release|Any CPU.ActiveCfg = Release|Any CPU
		{93514AEC-E13F-464D-86BE-F0F159018ACA}.Release|Any CPU.Build.0 = Release|Any CPU
	EndGlobalSection
	GlobalSection(SolutionProperties) = preSolution
		HideSolutionNode = FALSE
	EndGlobalSection
	GlobalSection(ExtensibilityGlobals) = postSolution
		SolutionGuid = {DC6E70A3-5291-49A6-8E9B-B7E1A6FF2F6A}
	EndGlobalSection
EndGlobal
